%{"bbmustache": {:hex, :bbmustache, "1.0.3"},
  "conform": {:hex, :conform, "0.17.0"},
  "erlware_commons": {:hex, :erlware_commons, "0.15.0"},
  "exactor": {:git, "https://github.com/sasa1977/exactor.git", "0467f8100bc735405d597dbf94996195eb31e0b6", [tag: "0467f8100bc735405d597dbf94996195eb31e0b6"]},
  "exrm": {:git, "https://github.com/bitwalker/exrm.git", "36f83655a0754f43a44d84b6cf13a4413a70e195", []},
  "getopt": {:hex, :getopt, "0.8.2"},
  "hashex": {:git, "https://github.com/timCF/hashex.git", "d10a5f3e724e7be016c9ff7420ef5eb3780c3dae", []},
  "jazz": {:git, "https://github.com/meh/jazz.git", "49f335492aca5516495199dd81dd18b845ebaa69", []},
  "maybe": {:git, "https://github.com/timCF/maybe.git", "d6abda4fe223d23351c6c388a9738f81454a5ec8", []},
  "neotoma": {:hex, :neotoma, "1.7.3"},
  "providers": {:hex, :providers, "1.4.1"},
  "randomex": {:git, "https://github.com/veryevilzed/randomex.git", "581048e110678df018a6a5f54ed7517a6f4d1adc", []},
  "relx": {:hex, :relx, "3.5.0"},
  "sfmt": {:git, "https://github.com/jj1bdx/sfmt-erlang.git", "67b97620fb133562be6ac07035f2ba2864cac6d6", []}}
